
Microsoft Visual Studio Solution File, Format Version 12.00
# Visual Studio 15
VisualStudioVersion = 15.0.28307.271
MinimumVisualStudioVersion = 10.0.40219.1
Project("{FAE04EC0-301F-11D3-BF4B-00C04F79EFBC}") = "Open Industry Framework OPCUA Server", "Server\Open Industry Framework OPCUA Server.csproj", "{65E311C8-7751-4F7C-B9DB-FD83DC843AEC}"
EndProject
Project("{9A19103F-16F7-4668-BE54-9A1E7A4F7556}") = "Opc.Ua.Configuration", "Opc.Ua.Configuration\Opc.Ua.Configuration.csproj", "{4FF2B22D-C30A-42D7-8A30-EF9017E0AC84}"
EndProject
Project("{9A19103F-16F7-4668-BE54-9A1E7A4F7556}") = "Opc.Ua.Core", "Opc.Ua.Core\Opc.Ua.Core.csproj", "{8DD86400-EB20-428B-A0A7-D9AFDD1E6878}"
EndProject
Project("{9A19103F-16F7-4668-BE54-9A1E7A4F7556}") = "Opc.Ua.Server", "Opc.Ua.Server\Opc.Ua.Server.csproj", "{589498AB-67AE-47B2-95D2-16976A6CF309}"
EndProject
Project("{FAE04EC0-301F-11D3-BF4B-00C04F79EFBC}") = "UA Server Controls", "ServerControls.Net4\UA Server Controls.csproj", "{80056988-44E7-4EF4-9F59-50BCF215CB03}"
EndProject
Global
	GlobalSection(SolutionConfigurationPlatforms) = preSolution
		Debug|Any CPU = Debug|Any CPU
		Release|Any CPU = Release|Any CPU
	EndGlobalSection
	GlobalSection(ProjectConfigurationPlatforms) = postSolution
		{65E311C8-7751-4F7C-B9DB-FD83DC843AEC}.Debug|Any CPU.ActiveCfg = Debug|Any CPU
		{65E311C8-7751-4F7C-B9DB-FD83DC843AEC}.Debug|Any CPU.Build.0 = Debug|Any CPU
		{65E311C8-7751-4F7C-B9DB-FD83DC843AEC}.Release|Any CPU.ActiveCfg = Release|Any CPU
		{65E311C8-7751-4F7C-B9DB-FD83DC843AEC}.Release|Any CPU.Build.0 = Release|Any CPU
		{4FF2B22D-C30A-42D7-8A30-EF9017E0AC84}.Debug|Any CPU.ActiveCfg = Debug|Any CPU
		{4FF2B22D-C30A-42D7-8A30-EF9017E0AC84}.Debug|Any CPU.Build.0 = Debug|Any CPU
		{4FF2B22D-C30A-42D7-8A30-EF9017E0AC84}.Release|Any CPU.ActiveCfg = Release|Any CPU
		{4FF2B22D-C30A-42D7-8A30-EF9017E0AC84}.Release|Any CPU.Build.0 = Release|Any CPU
		{8DD86400-EB20-428B-A0A7-D9AFDD1E6878}.Debug|Any CPU.ActiveCfg = Debug|Any CPU
		{8DD86400-EB20-428B-A0A7-D9AFDD1E6878}.Debug|Any CPU.Build.0 = Debug|Any CPU
		{8DD86400-EB20-428B-A0A7-D9AFDD1E6878}.Release|Any CPU.ActiveCfg = Release|Any CPU
		{8DD86400-EB20-428B-A0A7-D9AFDD1E6878}.Release|Any CPU.Build.0 = Release|Any CPU
		{589498AB-67AE-47B2-95D2-16976A6CF309}.Debug|Any CPU.ActiveCfg = Debug|Any CPU
		{589498AB-67AE-47B2-95D2-16976A6CF309}.Debug|Any CPU.Build.0 = Debug|Any CPU
		{589498AB-67AE-47B2-95D2-16976A6CF309}.Release|Any CPU.ActiveCfg = Release|Any CPU
		{589498AB-67AE-47B2-95D2-16976A6CF309}.Release|Any CPU.Build.0 = Release|Any CPU
		{80056988-44E7-4EF4-9F59-50BCF215CB03}.Debug|Any CPU.ActiveCfg = Debug|Any CPU
		{80056988-44E7-4EF4-9F59-50BCF215CB03}.Debug|Any CPU.Build.0 = Debug|Any CPU
		{80056988-44E7-4EF4-9F59-50BCF215CB03}.Release|Any CPU.ActiveCfg = Release|Any CPU
		{80056988-44E7-4EF4-9F59-50BCF215CB03}.Release|Any CPU.Build.0 = Release|Any CPU
	EndGlobalSection
	GlobalSection(SolutionProperties) = preSolution
		HideSolutionNode = FALSE
	EndGlobalSection
	GlobalSection(ExtensibilityGlobals) = postSolution
		SolutionGuid = {ED3E0429-E5E2-45CF-B796-52961EE371CA}
	EndGlobalSection
EndGlobal
